// !$*UTF8*$!
{
	archiveVersion = 1;
	classes = {
	};
	objectVersion = 46;
	objects = {

/* Begin PBXBuildFile section */
		96D33A821E2092DA004D3E7F /* AppDelegate.swift in Sources */ = {isa = PBXBuildFile; fileRef = 96D33A811E2092DA004D3E7F /* AppDelegate.swift */; };
		96D33A841E2092DA004D3E7F /* ViewController.swift in Sources */ = {isa = PBXBuildFile; fileRef = 96D33A831E2092DA004D3E7F /* ViewController.swift */; };
		96D33A871E2092DA004D3E7F /* Main.storyboard in Resources */ = {isa = PBXBuildFile; fileRef = 96D33A851E2092DA004D3E7F /* Main.storyboard */; };
		96D33A891E2092DA004D3E7F /* Assets.xcassets in Resources */ = {isa = PBXBuildFile; fileRef = 96D33A881E2092DA004D3E7F /* Assets.xcassets */; };
		96D33A8C1E2092DA004D3E7F /* LaunchScreen.storyboard in Resources */ = {isa = PBXBuildFile; fileRef = 96D33A8A1E2092DA004D3E7F /* LaunchScreen.storyboard */; };
/* End PBXBuildFile section */

/* Begin PBXFileReference section */
		96D33A7E1E2092DA004D3E7F /* Operator_2.app */ = {isa = PBXFileReference; explicitFileType = wrapper.application; includeInIndex = 0; path = Operator_2.app; sourceTree = BUILT_PRODUCTS_DIR; };
		96D33A811E2092DA004D3E7F /* AppDelegate.swift */ = {isa = PBXFileReference; lastKnownFileType = sourcecode.swift; path = AppDelegate.swift; sourceTree = "<group>"; };
		96D33A831E2092DA004D3E7F /* ViewController.swift */ = {isa = PBXFileReference; lastKnownFileType = sourcecode.swift; path = ViewController.swift; sourceTree = "<group>"; };
		96D33A861E2092DA004D3E7F /* Base */ = {isa = PBXFileReference; lastKnownFileType = file.storyboard; name = Base; path = Base.lproj/Main.storyboard; sourceTree = "<group>"; };
		96D33A881E2092DA004D3E7F /* Assets.xcassets */ = {isa = PBXFileReference; lastKnownFileType = folder.assetcatalog; path = Assets.xcassets; sourceTree = "<group>"; };
		96D33A8B1E2092DA004D3E7F /* Base */ = {isa = PBXFileReference; lastKnownFileType = file.storyboard; name = Base; path = Base.lproj/LaunchScreen.storyboard; sourceTree = "<group>"; };
		96D33A8D1E2092DA004D3E7F /* Info.plist */ = {isa = PBXFileReference; lastKnownFileType = text.plist.xml; path = Info.plist; sourceTree = "<group>"; };
/* End PBXFileReference section */

/* Begin PBXFrameworksBuildPhase section */
		96D33A7B1E2092DA004D3E7F /* Frameworks */ = {
			isa = PBXFrameworksBuildPhase;
			buildActionMask = 2147483647;
			files = (
			);
			runOnlyForDeploymentPostprocessing = 0;
		};
/* End PBXFrameworksBuildPhase section */

/* Begin PBXGroup section */
		96D33A751E2092DA004D3E7F = {
			isa = PBXGroup;
			children = (
				96D33A801E2092DA004D3E7F /* Operator_2 */,
				96D33A7F1E2092DA004D3E7F /* Products */,
			);
			sourceTree = "<group>";
		};
		96D33A7F1E2092DA004D3E7F /* Products */ = {
			isa = PBXGroup;
			children = (
				96D33A7E1E2092DA004D3E7F /* Operator_2.app */,
			);
			name = Products;
			sourceTree = "<group>";
		};
		96D33A801E2092DA004D3E7F /* Operator_2 */ = {
			isa = PBXGroup;
			children = (
				96D33A811E2092DA004D3E7F /* AppDelegate.swift */,
				96D33A831E2092DA004D3E7F /* ViewController.swift */,
				96D33A851E2092DA004D3E7F /* Main.storyboard */,
				96D33A881E2092DA004D3E7F /* Assets.xcassets */,
				96D33A8A1E2092DA004D3E7F /* LaunchScreen.storyboard */,
				96D33A8D1E2092DA004D3E7F /* Info.plist */,
			);
			path = Operator_2;
			sourceTree = "<group>";
		};
/* End PBXGroup section */

/* Begin PBXNativeTarget section */
		96D33A7D1E2092DA004D3E7F /* Operator_2 */ = {
			isa = PBXNativeTarget;
			buildConfigurationList = 96D33A901E2092DA004D3E7F /* Build configuration list for PBXNativeTarget "Operator_2" */;
			buildPhases = (
				96D33A7A1E2092DA004D3E7F /* Sources */,
				96D33A7B1E2092DA004D3E7F /* Frameworks */,
				96D33A7C1E2092DA004D3E7F /* Resources */,
			);
			buildRules = (
			);
			dependencies = (
			);
			name = Operator_2;
			productName = Operator_2;
			productReference = 96D33A7E1E2092DA004D3E7F /* Operator_2.app */;
			productType = "com.apple.product-type.application";
		};
/* End PBXNativeTarget section */

/* Begin PBXProject section */
		96D33A761E2092DA004D3E7F /* Project object */ = {
			isa = PBXProject;
			attributes = {
				LastSwiftUpdateCheck = 0800;
				LastUpgradeCheck = 0800;
				ORGANIZATIONNAME = "Jason Choi";
				TargetAttributes = {
					96D33A7D1E2092DA004D3E7F = {
						CreatedOnToolsVersion = 8.0;
						ProvisioningStyle = Automatic;
					};
				};
			};
			buildConfigurationList = 96D33A791E2092DA004D3E7F /* Build configuration list for PBXProject "Operator_2" */;
			compatibilityVersion = "Xcode 3.2";
			developmentRegion = English;
			hasScannedForEncodings = 0;
			knownRegions = (
				en,
				Base,
			);
			mainGroup = 96D33A751E2092DA004D3E7F;
			productRefGroup = 96D33A7F1E2092DA004D3E7F /* Products */;
			projectDirPath = "";
			projectRoot = "";
			targets = (
				96D33A7D1E2092DA004D3E7F /* Operator_2 */,
			);
		};
/* End PBXProject section */

/* Begin PBXResourcesBuildPhase section */
		96D33A7C1E2092DA004D3E7F /* Resources */ = {
			isa = PBXResourcesBuildPhase;
			buildActionMask = 2147483647;
			files = (
				96D33A8C1E2092DA004D3E7F /* LaunchScreen.storyboard in Resources */,
				96D33A891E2092DA004D3E7F /* Assets.xcassets in Resources */,
				96D33A871E2092DA004D3E7F /* Main.storyboard in Resources */,
			);
			runOnlyForDeploymentPostprocessing = 0;
		};
/* End PBXResourcesBuildPhase section */

/* Begin PBXSourcesBuildPhase section */
		96D33A7A1E2092DA004D3E7F /* Sources */ = {
			isa = PBXSourcesBuildPhase;
			buildActionMask = 2147483647;
			files = (
				96D33A841E2092DA004D3E7F /* ViewController.swift in Sources */,
				96D33A821E2092DA004D3E7F /* AppDelegate.swift in Sources */,
			);
			runOnlyForDeploymentPostprocessing = 0;
		};
/* End PBXSourcesBuildPhase section */

/* Begin PBXVariantGroup section */
		96D33A851E2092DA004D3E7F /* Main.storyboard */ = {
			isa = PBXVariantGroup;
			children = (
				96D33A861E2092DA004D3E7F /* Base */,
			);
			name = Main.storyboard;
			sourceTree = "<group>";
		};
		96D33A8A1E2092DA004D3E7F /* LaunchScreen.storyboard */ = {
			isa = PBXVariantGroup;
			children = (
				96D33A8B1E2092DA004D3E7F /* Base */,
			);
			name = LaunchScreen.storyboard;
			sourceTree = "<group>";
		};
/* End PBXVariantGroup section */

/* Begin XCBuildConfiguration section */
		96D33A8E1E2092DA004D3E7F /* Debug */ = {
			isa = XCBuildConfiguration;
			buildSettings = {
				ALWAYS_SEARCH_USER_PATHS = NO;
				CLANG_ANALYZER_NONNULL = YES;
				CLANG_CXX_LANGUAGE_STANDARD = "gnu++0x";
				CLANG_CXX_LIBRARY = "libc++";
				CLANG_ENABLE_MODULES = YES;
				CLANG_ENABLE_OBJC_ARC = YES;
				CLANG_WARN_BOOL_CONVERSION = YES;
				CLANG_WARN_CONSTANT_CONVERSION = YES;
				CLANG_WARN_DIRECT_OBJC_ISA_USAGE = YES_ERROR;
				CLANG_WARN_DOCUMENTATION_COMMENTS = YES;
				CLANG_WARN_EMPTY_BODY = YES;
				CLANG_WARN_ENUM_CONVERSION = YES;
				CLANG_WARN_INFINITE_RECURSION = YES;
				CLANG_WARN_INT_CONVERSION = YES;
				CLANG_WARN_OBJC_ROOT_CLASS = YES_ERROR;
				CLANG_WARN_SUSPICIOUS_MOVES = YES;
				CLANG_WARN_UNREACHABLE_CODE = YES;
				CLANG_WARN__DUPLICATE_METHOD_MATCH = YES;
				"CODE_SIGN_IDENTITY[sdk=iphoneos*]" = "iPhone Developer";
				COPY_PHASE_STRIP = NO;
				DEBUG_INFORMATION_FORMAT = dwarf;
				ENABLE_STRICT_OBJC_MSGSEND = YES;
				ENABLE_TESTABILITY = YES;
				GCC_C_LANGUAGE_STANDARD = gnu99;
				GCC_DYNAMIC_NO_PIC = NO;
				GCC_NO_COMMON_BLOCKS = YES;
				GCC_OPTIMIZATION_LEVEL = 0;
				GCC_PREPROCESSOR_DEFINITIONS = (
					"DEBUG=1",
					"$(inherited)",
				);
				GCC_WARN_64_TO_32_BIT_CONVERSION = YES;
				GCC_WARN_ABOUT_RETURN_TYPE = YES_ERROR;
				GCC_WARN_UNDECLARED_SELECTOR = YES;
				GCC_WARN_UNINITIALIZED_AUTOS = YES_AGGRESSIVE;
				GCC_WARN_UNUSED_FUNCTION = YES;
				GCC_WARN_UNUSED_VARIABLE = YES;
				IPHONEOS_DEPLOYMENT_TARGET = 10.0;
				MTL_ENABLE_DEBUG_INFO = YES;
				ONLY_ACTIVE_ARCH = YES;
				SDKROOT = iphoneos;
				SWIFT_ACTIVE_COMPILATION_CONDITIONS = DEBUG;
				SWIFT_OPTIMIZATION_LEVEL = "-Onone";
			};
			name = Debug;
		};
		96D33A8F1E2092DA004D3E7F /* Release */ = {
			isa = XCBuildConfiguration;
			buildSettings = {
				ALWAYS_SEARCH_USER_PATHS = NO;
				CLANG_ANALYZER_NONNULL = YES;
				CLANG_CXX_LANGUAGE_STANDARD = "gnu++0x";
				CLANG_CXX_LIBRARY = "libc++";
				CLANG_ENABLE_MODULES = YES;
				CLANG_ENABLE_OBJC_ARC = YES;
				CLANG_WARN_BOOL_CONVERSION = YES;
				CLANG_WARN_CONSTANT_CONVERSION = YES;
				CLANG_WARN_DIRECT_OBJC_ISA_USAGE = YES_ERROR;
				CLANG_WARN_DOCUMENTATION_COMMENTS = YES;
				CLANG_WARN_EMPTY_BODY = YES;
				CLANG_WARN_ENUM_CONVERSION = YES;
				CLANG_WARN_INFINITE_RECURSION = YES;
				CLANG_WARN_INT_CONVERSION = YES;
				CLANG_WARN_OBJC_ROOT_CLASS = YES_ERROR;
				CLANG_WARN_SUSPICIOUS_MOVES = YES;
				CLANG_WARN_UNREACHABLE_CODE = YES;
				CLANG_WARN__DUPLICATE_METHOD_MATCH = YES;
				"CODE_SIGN_IDENTITY[sdk=iphoneos*]" = "iPhone Developer";
				COPY_PHASE_STRIP = NO;
				DEBUG_INFORMATION_FORMAT = "dwarf-with-dsym";
				ENABLE_NS_ASSERTIONS = NO;
				ENABLE_STRICT_OBJC_MSGSEND = YES;
				GCC_C_LANGUAGE_STANDARD = gnu99;
				GCC_NO_COMMON_BLOCKS = YES;
				GCC_WARN_64_TO_32_BIT_CONVERSION = YES;
				GCC_WARN_ABOUT_RETURN_TYPE = YES_ERROR;
				GCC_WARN_UNDECLARED_SELECTOR = YES;
				GCC_WARN_UNINITIALIZED_AUTOS = YES_AGGRESSIVE;
				GCC_WARN_UNUSED_FUNCTION = YES;
				GCC_WARN_UNUSED_VARIABLE = YES;
				IPHONEOS_DEPLOYMENT_TARGET = 10.0;
				MTL_ENABLE_DEBUG_INFO = NO;
				SDKROOT = iphoneos;
				SWIFT_OPTIMIZATION_LEVEL = "-Owholemodule";
				VALIDATE_PRODUCT = YES;
			};
			name = Release;
		};
		96D33A911E2092DA004D3E7F /* Debug */ = {
			isa = XCBuildConfiguration;
			buildSettings = {
				ASSETCATALOG_COMPILER_APPICON_NAME = AppIcon;
				INFOPLIST_FILE = Operator_2/Info.plist;
				LD_RUNPATH_SEARCH_PATHS = "$(inherited) @executable_path/Frameworks";
				PRODUCT_BUNDLE_IDENTIFIER = "com.green.Operator-2";
				PRODUCT_NAME = "$(TARGET_NAME)";
				SWIFT_VERSION = 3.0;
			};
			name = Debug;
		};
		96D33A921E2092DA004D3E7F /* Release */ = {
			isa = XCBuildConfiguration;
			buildSettings = {
				ASSETCATALOG_COMPILER_APPICON_NAME = AppIcon;
				INFOPLIST_FILE = Operator_2/Info.plist;
				LD_RUNPATH_SEARCH_PATHS = "$(inherited) @executable_path/Frameworks";
				PRODUCT_BUNDLE_IDENTIFIER = "com.green.Operator-2";
				PRODUCT_NAME = "$(TARGET_NAME)";
				SWIFT_VERSION = 3.0;
			};
			name = Release;
		};
/* End XCBuildConfiguration section */

/* Begin XCConfigurationList section */
		96D33A791E2092DA004D3E7F /* Build configuration list for PBXProject "Operator_2" */ = {
			isa = XCConfigurationList;
			buildConfigurations = (
				96D33A8E1E2092DA004D3E7F /* Debug */,
				96D33A8F1E2092DA004D3E7F /* Release */,
			);
			defaultConfigurationIsVisible = 0;
			defaultConfigurationName = Release;
		};
		96D33A901E2092DA004D3E7F /* Build configuration list for PBXNativeTarget "Operator_2" */ = {
			isa = XCConfigurationList;
			buildConfigurations = (
				96D33A911E2092DA004D3E7F /* Debug */,
				96D33A921E2092DA004D3E7F /* Release */,
			);
			defaultConfigurationIsVisible = 0;
		};
/* End XCConfigurationList section */
	};
	rootObject = 96D33A761E2092DA004D3E7F /* Project object */;
}
