// !$*UTF8*$!
{
	archiveVersion = 1;
	classes = {
	};
	objectVersion = 46;
	objects = {

/* Begin PBXBuildFile section */
		4DEBB73BFA577DC1FF2A29C2 /* Pods_PIckMeUp.framework in Frameworks */ = {isa = PBXBuildFile; fileRef = DA7363DBC33A39D0FF2C3741 /* Pods_PIckMeUp.framework */; };
		96B9BB5A1F0A65F900DAE4B3 /* AppDelegate.swift in Sources */ = {isa = PBXBuildFile; fileRef = 96B9BB591F0A65F900DAE4B3 /* AppDelegate.swift */; };
		96B9BB5C1F0A65F900DAE4B3 /* ViewController.swift in Sources */ = {isa = PBXBuildFile; fileRef = 96B9BB5B1F0A65F900DAE4B3 /* ViewController.swift */; };
		96B9BB5F1F0A65F900DAE4B3 /* Main.storyboard in Resources */ = {isa = PBXBuildFile; fileRef = 96B9BB5D1F0A65F900DAE4B3 /* Main.storyboard */; };
		96B9BB611F0A65F900DAE4B3 /* Assets.xcassets in Resources */ = {isa = PBXBuildFile; fileRef = 96B9BB601F0A65F900DAE4B3 /* Assets.xcassets */; };
		96B9BB641F0A65F900DAE4B3 /* LaunchScreen.storyboard in Resources */ = {isa = PBXBuildFile; fileRef = 96B9BB621F0A65F900DAE4B3 /* LaunchScreen.storyboard */; };
		96F1DF271F289AA1004E26E9 /* MyMapViewController.swift in Sources */ = {isa = PBXBuildFile; fileRef = 96F1DF261F289AA1004E26E9 /* MyMapViewController.swift */; };
/* End PBXBuildFile section */

/* Begin PBXFileReference section */
		68246A9ABC41DC509DCA40E9 /* Pods-PIckMeUp.release.xcconfig */ = {isa = PBXFileReference; includeInIndex = 1; lastKnownFileType = text.xcconfig; name = "Pods-PIckMeUp.release.xcconfig"; path = "Pods/Target Support Files/Pods-PIckMeUp/Pods-PIckMeUp.release.xcconfig"; sourceTree = "<group>"; };
		96B9BB561F0A65F900DAE4B3 /* PIckMeUp.app */ = {isa = PBXFileReference; explicitFileType = wrapper.application; includeInIndex = 0; path = PIckMeUp.app; sourceTree = BUILT_PRODUCTS_DIR; };
		96B9BB591F0A65F900DAE4B3 /* AppDelegate.swift */ = {isa = PBXFileReference; lastKnownFileType = sourcecode.swift; path = AppDelegate.swift; sourceTree = "<group>"; };
		96B9BB5B1F0A65F900DAE4B3 /* ViewController.swift */ = {isa = PBXFileReference; lastKnownFileType = sourcecode.swift; path = ViewController.swift; sourceTree = "<group>"; };
		96B9BB5E1F0A65F900DAE4B3 /* Base */ = {isa = PBXFileReference; lastKnownFileType = file.storyboard; name = Base; path = Base.lproj/Main.storyboard; sourceTree = "<group>"; };
		96B9BB601F0A65F900DAE4B3 /* Assets.xcassets */ = {isa = PBXFileReference; lastKnownFileType = folder.assetcatalog; path = Assets.xcassets; sourceTree = "<group>"; };
		96B9BB631F0A65F900DAE4B3 /* Base */ = {isa = PBXFileReference; lastKnownFileType = file.storyboard; name = Base; path = Base.lproj/LaunchScreen.storyboard; sourceTree = "<group>"; };
		96B9BB651F0A65F900DAE4B3 /* Info.plist */ = {isa = PBXFileReference; lastKnownFileType = text.plist.xml; path = Info.plist; sourceTree = "<group>"; };
		96F1DF261F289AA1004E26E9 /* MyMapViewController.swift */ = {isa = PBXFileReference; fileEncoding = 4; lastKnownFileType = sourcecode.swift; path = MyMapViewController.swift; sourceTree = "<group>"; };
		DA7363DBC33A39D0FF2C3741 /* Pods_PIckMeUp.framework */ = {isa = PBXFileReference; explicitFileType = wrapper.framework; includeInIndex = 0; path = Pods_PIckMeUp.framework; sourceTree = BUILT_PRODUCTS_DIR; };
		E2767B34E90D912F4D625150 /* Pods-PIckMeUp.debug.xcconfig */ = {isa = PBXFileReference; includeInIndex = 1; lastKnownFileType = text.xcconfig; name = "Pods-PIckMeUp.debug.xcconfig"; path = "Pods/Target Support Files/Pods-PIckMeUp/Pods-PIckMeUp.debug.xcconfig"; sourceTree = "<group>"; };
/* End PBXFileReference section */

/* Begin PBXFrameworksBuildPhase section */
		96B9BB531F0A65F900DAE4B3 /* Frameworks */ = {
			isa = PBXFrameworksBuildPhase;
			buildActionMask = 2147483647;
			files = (
				4DEBB73BFA577DC1FF2A29C2 /* Pods_PIckMeUp.framework in Frameworks */,
			);
			runOnlyForDeploymentPostprocessing = 0;
		};
/* End PBXFrameworksBuildPhase section */

/* Begin PBXGroup section */
		88C9A6F456B8FD929F21F2EC /* Pods */ = {
			isa = PBXGroup;
			children = (
				E2767B34E90D912F4D625150 /* Pods-PIckMeUp.debug.xcconfig */,
				68246A9ABC41DC509DCA40E9 /* Pods-PIckMeUp.release.xcconfig */,
			);
			name = Pods;
			sourceTree = "<group>";
		};
		96B9BB4D1F0A65F900DAE4B3 = {
			isa = PBXGroup;
			children = (
				96B9BB581F0A65F900DAE4B3 /* PIckMeUp */,
				96B9BB571F0A65F900DAE4B3 /* Products */,
				88C9A6F456B8FD929F21F2EC /* Pods */,
				ECE92A275B4ADC34CA38A88D /* Frameworks */,
			);
			sourceTree = "<group>";
		};
		96B9BB571F0A65F900DAE4B3 /* Products */ = {
			isa = PBXGroup;
			children = (
				96B9BB561F0A65F900DAE4B3 /* PIckMeUp.app */,
			);
			name = Products;
			sourceTree = "<group>";
		};
		96B9BB581F0A65F900DAE4B3 /* PIckMeUp */ = {
			isa = PBXGroup;
			children = (
				96B9BB591F0A65F900DAE4B3 /* AppDelegate.swift */,
				96B9BB5B1F0A65F900DAE4B3 /* ViewController.swift */,
				96F1DF261F289AA1004E26E9 /* MyMapViewController.swift */,
				96B9BB5D1F0A65F900DAE4B3 /* Main.storyboard */,
				96B9BB601F0A65F900DAE4B3 /* Assets.xcassets */,
				96B9BB621F0A65F900DAE4B3 /* LaunchScreen.storyboard */,
				96B9BB651F0A65F900DAE4B3 /* Info.plist */,
			);
			path = PIckMeUp;
			sourceTree = "<group>";
		};
		ECE92A275B4ADC34CA38A88D /* Frameworks */ = {
			isa = PBXGroup;
			children = (
				DA7363DBC33A39D0FF2C3741 /* Pods_PIckMeUp.framework */,
			);
			name = Frameworks;
			sourceTree = "<group>";
		};
/* End PBXGroup section */

/* Begin PBXNativeTarget section */
		96B9BB551F0A65F900DAE4B3 /* PIckMeUp */ = {
			isa = PBXNativeTarget;
			buildConfigurationList = 96B9BB681F0A65F900DAE4B3 /* Build configuration list for PBXNativeTarget "PIckMeUp" */;
			buildPhases = (
				1ED41AF42628EC9D42F3B02E /* [CP] Check Pods Manifest.lock */,
				96B9BB521F0A65F900DAE4B3 /* Sources */,
				96B9BB531F0A65F900DAE4B3 /* Frameworks */,
				96B9BB541F0A65F900DAE4B3 /* Resources */,
				74D7DAC92F0508274E67AD5D /* [CP] Embed Pods Frameworks */,
				3BE264160E328D01B194E42C /* [CP] Copy Pods Resources */,
			);
			buildRules = (
			);
			dependencies = (
			);
			name = PIckMeUp;
			productName = PIckMeUp;
			productReference = 96B9BB561F0A65F900DAE4B3 /* PIckMeUp.app */;
			productType = "com.apple.product-type.application";
		};
/* End PBXNativeTarget section */

/* Begin PBXProject section */
		96B9BB4E1F0A65F900DAE4B3 /* Project object */ = {
			isa = PBXProject;
			attributes = {
				LastSwiftUpdateCheck = 0830;
				LastUpgradeCheck = 0830;
				ORGANIZATIONNAME = "Jason Choi";
				TargetAttributes = {
					96B9BB551F0A65F900DAE4B3 = {
						CreatedOnToolsVersion = 8.3.3;
						DevelopmentTeam = KJWG2UERCB;
						ProvisioningStyle = Automatic;
						SystemCapabilities = {
							com.apple.Maps.iOS = {
								enabled = 0;
							};
						};
					};
				};
			};
			buildConfigurationList = 96B9BB511F0A65F900DAE4B3 /* Build configuration list for PBXProject "PIckMeUp" */;
			compatibilityVersion = "Xcode 3.2";
			developmentRegion = English;
			hasScannedForEncodings = 0;
			knownRegions = (
				en,
				Base,
			);
			mainGroup = 96B9BB4D1F0A65F900DAE4B3;
			productRefGroup = 96B9BB571F0A65F900DAE4B3 /* Products */;
			projectDirPath = "";
			projectRoot = "";
			targets = (
				96B9BB551F0A65F900DAE4B3 /* PIckMeUp */,
			);
		};
/* End PBXProject section */

/* Begin PBXResourcesBuildPhase section */
		96B9BB541F0A65F900DAE4B3 /* Resources */ = {
			isa = PBXResourcesBuildPhase;
			buildActionMask = 2147483647;
			files = (
				96B9BB641F0A65F900DAE4B3 /* LaunchScreen.storyboard in Resources */,
				96B9BB611F0A65F900DAE4B3 /* Assets.xcassets in Resources */,
				96B9BB5F1F0A65F900DAE4B3 /* Main.storyboard in Resources */,
			);
			runOnlyForDeploymentPostprocessing = 0;
		};
/* End PBXResourcesBuildPhase section */

/* Begin PBXShellScriptBuildPhase section */
		1ED41AF42628EC9D42F3B02E /* [CP] Check Pods Manifest.lock */ = {
			isa = PBXShellScriptBuildPhase;
			buildActionMask = 2147483647;
			files = (
			);
			inputPaths = (
			);
			name = "[CP] Check Pods Manifest.lock";
			outputPaths = (
			);
			runOnlyForDeploymentPostprocessing = 0;
			shellPath = /bin/sh;
			shellScript = "diff \"${PODS_PODFILE_DIR_PATH}/Podfile.lock\" \"${PODS_ROOT}/Manifest.lock\" > /dev/null\nif [ $? != 0 ] ; then\n    # print error to STDERR\n    echo \"error: The sandbox is not in sync with the Podfile.lock. Run 'pod install' or update your CocoaPods installation.\" >&2\n    exit 1\nfi\n";
			showEnvVarsInLog = 0;
		};
		3BE264160E328D01B194E42C /* [CP] Copy Pods Resources */ = {
			isa = PBXShellScriptBuildPhase;
			buildActionMask = 2147483647;
			files = (
			);
			inputPaths = (
			);
			name = "[CP] Copy Pods Resources";
			outputPaths = (
			);
			runOnlyForDeploymentPostprocessing = 0;
			shellPath = /bin/sh;
			shellScript = "\"${SRCROOT}/Pods/Target Support Files/Pods-PIckMeUp/Pods-PIckMeUp-resources.sh\"\n";
			showEnvVarsInLog = 0;
		};
		74D7DAC92F0508274E67AD5D /* [CP] Embed Pods Frameworks */ = {
			isa = PBXShellScriptBuildPhase;
			buildActionMask = 2147483647;
			files = (
			);
			inputPaths = (
			);
			name = "[CP] Embed Pods Frameworks";
			outputPaths = (
			);
			runOnlyForDeploymentPostprocessing = 0;
			shellPath = /bin/sh;
			shellScript = "\"${SRCROOT}/Pods/Target Support Files/Pods-PIckMeUp/Pods-PIckMeUp-frameworks.sh\"\n";
			showEnvVarsInLog = 0;
		};
/* End PBXShellScriptBuildPhase section */

/* Begin PBXSourcesBuildPhase section */
		96B9BB521F0A65F900DAE4B3 /* Sources */ = {
			isa = PBXSourcesBuildPhase;
			buildActionMask = 2147483647;
			files = (
				96F1DF271F289AA1004E26E9 /* MyMapViewController.swift in Sources */,
				96B9BB5C1F0A65F900DAE4B3 /* ViewController.swift in Sources */,
				96B9BB5A1F0A65F900DAE4B3 /* AppDelegate.swift in Sources */,
			);
			runOnlyForDeploymentPostprocessing = 0;
		};
/* End PBXSourcesBuildPhase section */

/* Begin PBXVariantGroup section */
		96B9BB5D1F0A65F900DAE4B3 /* Main.storyboard */ = {
			isa = PBXVariantGroup;
			children = (
				96B9BB5E1F0A65F900DAE4B3 /* Base */,
			);
			name = Main.storyboard;
			sourceTree = "<group>";
		};
		96B9BB621F0A65F900DAE4B3 /* LaunchScreen.storyboard */ = {
			isa = PBXVariantGroup;
			children = (
				96B9BB631F0A65F900DAE4B3 /* Base */,
			);
			name = LaunchScreen.storyboard;
			sourceTree = "<group>";
		};
/* End PBXVariantGroup section */

/* Begin XCBuildConfiguration section */
		96B9BB661F0A65F900DAE4B3 /* Debug */ = {
			isa = XCBuildConfiguration;
			buildSettings = {
				ALWAYS_SEARCH_USER_PATHS = NO;
				CLANG_ANALYZER_NONNULL = YES;
				CLANG_ANALYZER_NUMBER_OBJECT_CONVERSION = YES_AGGRESSIVE;
				CLANG_CXX_LANGUAGE_STANDARD = "gnu++0x";
				CLANG_CXX_LIBRARY = "libc++";
				CLANG_ENABLE_MODULES = YES;
				CLANG_ENABLE_OBJC_ARC = YES;
				CLANG_WARN_BOOL_CONVERSION = YES;
				CLANG_WARN_CONSTANT_CONVERSION = YES;
				CLANG_WARN_DIRECT_OBJC_ISA_USAGE = YES_ERROR;
				CLANG_WARN_DOCUMENTATION_COMMENTS = YES;
				CLANG_WARN_EMPTY_BODY = YES;
				CLANG_WARN_ENUM_CONVERSION = YES;
				CLANG_WARN_INFINITE_RECURSION = YES;
				CLANG_WARN_INT_CONVERSION = YES;
				CLANG_WARN_OBJC_ROOT_CLASS = YES_ERROR;
				CLANG_WARN_SUSPICIOUS_MOVE = YES;
				CLANG_WARN_UNREACHABLE_CODE = YES;
				CLANG_WARN__DUPLICATE_METHOD_MATCH = YES;
				"CODE_SIGN_IDENTITY[sdk=iphoneos*]" = "iPhone Developer";
				COPY_PHASE_STRIP = NO;
				DEBUG_INFORMATION_FORMAT = dwarf;
				ENABLE_STRICT_OBJC_MSGSEND = YES;
				ENABLE_TESTABILITY = YES;
				GCC_C_LANGUAGE_STANDARD = gnu99;
				GCC_DYNAMIC_NO_PIC = NO;
				GCC_NO_COMMON_BLOCKS = YES;
				GCC_OPTIMIZATION_LEVEL = 0;
				GCC_PREPROCESSOR_DEFINITIONS = (
					"DEBUG=1",
					"$(inherited)",
				);
				GCC_WARN_64_TO_32_BIT_CONVERSION = YES;
				GCC_WARN_ABOUT_RETURN_TYPE = YES_ERROR;
				GCC_WARN_UNDECLARED_SELECTOR = YES;
				GCC_WARN_UNINITIALIZED_AUTOS = YES_AGGRESSIVE;
				GCC_WARN_UNUSED_FUNCTION = YES;
				GCC_WARN_UNUSED_VARIABLE = YES;
				IPHONEOS_DEPLOYMENT_TARGET = 10.3;
				MTL_ENABLE_DEBUG_INFO = YES;
				ONLY_ACTIVE_ARCH = YES;
				SDKROOT = iphoneos;
				SWIFT_ACTIVE_COMPILATION_CONDITIONS = DEBUG;
				SWIFT_OPTIMIZATION_LEVEL = "-Onone";
			};
			name = Debug;
		};
		96B9BB671F0A65F900DAE4B3 /* Release */ = {
			isa = XCBuildConfiguration;
			buildSettings = {
				ALWAYS_SEARCH_USER_PATHS = NO;
				CLANG_ANALYZER_NONNULL = YES;
				CLANG_ANALYZER_NUMBER_OBJECT_CONVERSION = YES_AGGRESSIVE;
				CLANG_CXX_LANGUAGE_STANDARD = "gnu++0x";
				CLANG_CXX_LIBRARY = "libc++";
				CLANG_ENABLE_MODULES = YES;
				CLANG_ENABLE_OBJC_ARC = YES;
				CLANG_WARN_BOOL_CONVERSION = YES;
				CLANG_WARN_CONSTANT_CONVERSION = YES;
				CLANG_WARN_DIRECT_OBJC_ISA_USAGE = YES_ERROR;
				CLANG_WARN_DOCUMENTATION_COMMENTS = YES;
				CLANG_WARN_EMPTY_BODY = YES;
				CLANG_WARN_ENUM_CONVERSION = YES;
				CLANG_WARN_INFINITE_RECURSION = YES;
				CLANG_WARN_INT_CONVERSION = YES;
				CLANG_WARN_OBJC_ROOT_CLASS = YES_ERROR;
				CLANG_WARN_SUSPICIOUS_MOVE = YES;
				CLANG_WARN_UNREACHABLE_CODE = YES;
				CLANG_WARN__DUPLICATE_METHOD_MATCH = YES;
				"CODE_SIGN_IDENTITY[sdk=iphoneos*]" = "iPhone Developer";
				COPY_PHASE_STRIP = NO;
				DEBUG_INFORMATION_FORMAT = "dwarf-with-dsym";
				ENABLE_NS_ASSERTIONS = NO;
				ENABLE_STRICT_OBJC_MSGSEND = YES;
				GCC_C_LANGUAGE_STANDARD = gnu99;
				GCC_NO_COMMON_BLOCKS = YES;
				GCC_WARN_64_TO_32_BIT_CONVERSION = YES;
				GCC_WARN_ABOUT_RETURN_TYPE = YES_ERROR;
				GCC_WARN_UNDECLARED_SELECTOR = YES;
				GCC_WARN_UNINITIALIZED_AUTOS = YES_AGGRESSIVE;
				GCC_WARN_UNUSED_FUNCTION = YES;
				GCC_WARN_UNUSED_VARIABLE = YES;
				IPHONEOS_DEPLOYMENT_TARGET = 10.3;
				MTL_ENABLE_DEBUG_INFO = NO;
				SDKROOT = iphoneos;
				SWIFT_OPTIMIZATION_LEVEL = "-Owholemodule";
				VALIDATE_PRODUCT = YES;
			};
			name = Release;
		};
		96B9BB691F0A65F900DAE4B3 /* Debug */ = {
			isa = XCBuildConfiguration;
			baseConfigurationReference = E2767B34E90D912F4D625150 /* Pods-PIckMeUp.debug.xcconfig */;
			buildSettings = {
				ASSETCATALOG_COMPILER_APPICON_NAME = AppIcon;
				DEVELOPMENT_TEAM = KJWG2UERCB;
				INFOPLIST_FILE = PIckMeUp/Info.plist;
				LD_RUNPATH_SEARCH_PATHS = "$(inherited) @executable_path/Frameworks";
				PRODUCT_BUNDLE_IDENTIFIER = com.jasonchoi93.PIckMeUp;
				PRODUCT_NAME = "$(TARGET_NAME)";
				SWIFT_VERSION = 3.0;
			};
			name = Debug;
		};
		96B9BB6A1F0A65F900DAE4B3 /* Release */ = {
			isa = XCBuildConfiguration;
			baseConfigurationReference = 68246A9ABC41DC509DCA40E9 /* Pods-PIckMeUp.release.xcconfig */;
			buildSettings = {
				ASSETCATALOG_COMPILER_APPICON_NAME = AppIcon;
				DEVELOPMENT_TEAM = KJWG2UERCB;
				INFOPLIST_FILE = PIckMeUp/Info.plist;
				LD_RUNPATH_SEARCH_PATHS = "$(inherited) @executable_path/Frameworks";
				PRODUCT_BUNDLE_IDENTIFIER = com.jasonchoi93.PIckMeUp;
				PRODUCT_NAME = "$(TARGET_NAME)";
				SWIFT_VERSION = 3.0;
			};
			name = Release;
		};
/* End XCBuildConfiguration section */

/* Begin XCConfigurationList section */
		96B9BB511F0A65F900DAE4B3 /* Build configuration list for PBXProject "PIckMeUp" */ = {
			isa = XCConfigurationList;
			buildConfigurations = (
				96B9BB661F0A65F900DAE4B3 /* Debug */,
				96B9BB671F0A65F900DAE4B3 /* Release */,
			);
			defaultConfigurationIsVisible = 0;
			defaultConfigurationName = Release;
		};
		96B9BB681F0A65F900DAE4B3 /* Build configuration list for PBXNativeTarget "PIckMeUp" */ = {
			isa = XCConfigurationList;
			buildConfigurations = (
				96B9BB691F0A65F900DAE4B3 /* Debug */,
				96B9BB6A1F0A65F900DAE4B3 /* Release */,
			);
			defaultConfigurationIsVisible = 0;
			defaultConfigurationName = Release;
		};
/* End XCConfigurationList section */
	};
	rootObject = 96B9BB4E1F0A65F900DAE4B3 /* Project object */;
}
